
Microsoft Visual Studio Solution File, Format Version 12.00
# Visual Studio Version 16
VisualStudioVersion = 25.0.1706.8
MinimumVisualStudioVersion = 10.0.40219.1
Project("{FAE04EC0-301F-11D3-BF4B-00C04F79EFBC}") = "HW6", "HW6\HW6.csproj", "{DF0DE11B-9A8B-4CD1-A84C-C0F9CA086D79}"
EndProject
Global
	GlobalSection(SolutionConfigurationPlatforms) = preSolution
		Debug|Any CPU = Debug|Any CPU
		Release|Any CPU = Release|Any CPU
	EndGlobalSection
	GlobalSection(ProjectConfigurationPlatforms) = postSolution
		{DF0DE11B-9A8B-4CD1-A84C-C0F9CA086D79}.Debug|Any CPU.ActiveCfg = Debug|Any CPU
		{DF0DE11B-9A8B-4CD1-A84C-C0F9CA086D79}.Debug|Any CPU.Build.0 = Debug|Any CPU
		{DF0DE11B-9A8B-4CD1-A84C-C0F9CA086D79}.Release|Any CPU.ActiveCfg = Release|Any CPU
		{DF0DE11B-9A8B-4CD1-A84C-C0F9CA086D79}.Release|Any CPU.Build.0 = Release|Any CPU
	EndGlobalSection
	GlobalSection(SolutionProperties) = preSolution
		HideSolutionNode = FALSE
	EndGlobalSection
	GlobalSection(ExtensibilityGlobals) = postSolution
		SolutionGuid = {F4B96142-AE88-43C5-8A25-6536A2AC613E}
	EndGlobalSection
EndGlobal
